
Microsoft Visual Studio Solution File, Format Version 12.00
# Visual Studio Version 17
VisualStudioVersion = 17.13.35818.85
MinimumVisualStudioVersion = 10.0.40219.1
Project("{FAE04EC0-301F-11D3-BF4B-00C04F79EFBC}") = "Company.Services.Transaction", "Company.Services.Transaction\Company.Services.Transaction.csproj", "{B3F5B599-EEE0-4233-962A-C0CC171A9623}"
EndProject
Project("{FAE04EC0-301F-11D3-BF4B-00C04F79EFBC}") = "Company.Services.AntiFraud", "Company.Services.AntiFraud\Company.Services.AntiFraud.csproj", "{9187971E-6E5C-45AD-B67F-EEB59BEEE030}"
EndProject
Project("{2150E333-8FDC-42A3-9474-1A3956D46DE8}") = "TransactionService", "TransactionService", "{02EA681E-C7D8-13C7-8484-4AC65E1B71E8}"
EndProject
Project("{2150E333-8FDC-42A3-9474-1A3956D46DE8}") = "AntiFraudService", "AntiFraudService", "{4868D71E-ED5E-4683-A09D-BC721F757E47}"
EndProject
Project("{2150E333-8FDC-42A3-9474-1A3956D46DE8}") = "Core", "Core", "{82A3746C-3418-44E2-937C-EE61FF6AF87D}"
EndProject
Project("{2150E333-8FDC-42A3-9474-1A3956D46DE8}") = "Core", "Core", "{8889C832-13FB-4F23-A041-1E83D24C650F}"
EndProject
Project("{2150E333-8FDC-42A3-9474-1A3956D46DE8}") = "Shared", "Shared", "{0C7CC536-90D0-4BEC-8AE6-FF8DC14A4442}"
EndProject
Project("{FAE04EC0-301F-11D3-BF4B-00C04F79EFBC}") = "Company.Services.Shared.Contracts", "Shared\Company.Services.Shared.Contracts\Company.Services.Shared.Contracts.csproj", "{D354927B-9FA7-4ECA-9396-0518A3CD5892}"
EndProject
Project("{2150E333-8FDC-42A3-9474-1A3956D46DE8}") = "src", "src", "{66233A9C-1F76-457E-AE39-66D2E36D359E}"
EndProject
Project("{2150E333-8FDC-42A3-9474-1A3956D46DE8}") = "tests", "tests", "{AE3624D7-3D53-45B4-944B-69E22B7A640B}"
EndProject
Project("{FAE04EC0-301F-11D3-BF4B-00C04F79EFBC}") = "Company.Services.Application", "AntiFraudService\Company.Services.Application\Company.Services.Application.csproj", "{D91D2487-EDC2-18B3-3EED-B98A9B8D4C1E}"
EndProject
Project("{FAE04EC0-301F-11D3-BF4B-00C04F79EFBC}") = "Company.Services.Application", "TransactionService\Company.Services.Application\Company.Services.Application.csproj", "{34A787D3-C6A6-96B8-0EBC-5AACA0370E94}"
EndProject
Project("{FAE04EC0-301F-11D3-BF4B-00C04F79EFBC}") = "Company.Services.Domain", "TransactionService\Company.Services.Domain\Company.Services.Domain.csproj", "{E3774B50-CB1A-0904-9E73-3A8994A34AEC}"
EndProject
Project("{2150E333-8FDC-42A3-9474-1A3956D46DE8}") = "Infraestructure", "Infraestructure", "{1042BADB-203C-4E62-B0FD-66D35698DB69}"
EndProject
Project("{FAE04EC0-301F-11D3-BF4B-00C04F79EFBC}") = "Company.Services.Infraestructure.Persistence", "TransactionService\Company.Services.Infraestructure.Persistence\Company.Services.Infraestructure.Persistence.csproj", "{09A2634B-9AD5-401B-969E-86F11815412C}"
EndProject
Project("{2150E333-8FDC-42A3-9474-1A3956D46DE8}") = "Infraestructure", "Infraestructure", "{8EEEC9F8-9AD9-4EA2-9581-AD733BEE5678}"
EndProject
Project("{FAE04EC0-301F-11D3-BF4B-00C04F79EFBC}") = "Company.Service.Infraestructure.Bus", "TransactionService\Company.Service.Infraestructure.Bus\Company.Service.Infraestructure.Bus.csproj", "{02583722-5F8B-49A8-B87A-9B3A5CBFFEA5}"
EndProject
Project("{FAE04EC0-301F-11D3-BF4B-00C04F79EFBC}") = "Company.Service.Infraestructure.Bus", "AntiFraudService\Company.Service.Infraestructure.Bus\Company.Service.Infraestructure.Bus.csproj", "{61BDF88C-EB24-40C5-933C-4D54EE40767C}"
EndProject
Global
	GlobalSection(SolutionConfigurationPlatforms) = preSolution
		Debug|Any CPU = Debug|Any CPU
		Release|Any CPU = Release|Any CPU
	EndGlobalSection
	GlobalSection(ProjectConfigurationPlatforms) = postSolution
		{B3F5B599-EEE0-4233-962A-C0CC171A9623}.Debug|Any CPU.ActiveCfg = Debug|Any CPU
		{B3F5B599-EEE0-4233-962A-C0CC171A9623}.Debug|Any CPU.Build.0 = Debug|Any CPU
		{B3F5B599-EEE0-4233-962A-C0CC171A9623}.Release|Any CPU.ActiveCfg = Release|Any CPU
		{B3F5B599-EEE0-4233-962A-C0CC171A9623}.Release|Any CPU.Build.0 = Release|Any CPU
		{9187971E-6E5C-45AD-B67F-EEB59BEEE030}.Debug|Any CPU.ActiveCfg = Debug|Any CPU
		{9187971E-6E5C-45AD-B67F-EEB59BEEE030}.Debug|Any CPU.Build.0 = Debug|Any CPU
		{9187971E-6E5C-45AD-B67F-EEB59BEEE030}.Release|Any CPU.ActiveCfg = Release|Any CPU
		{9187971E-6E5C-45AD-B67F-EEB59BEEE030}.Release|Any CPU.Build.0 = Release|Any CPU
		{D354927B-9FA7-4ECA-9396-0518A3CD5892}.Debug|Any CPU.ActiveCfg = Debug|Any CPU
		{D354927B-9FA7-4ECA-9396-0518A3CD5892}.Debug|Any CPU.Build.0 = Debug|Any CPU
		{D354927B-9FA7-4ECA-9396-0518A3CD5892}.Release|Any CPU.ActiveCfg = Release|Any CPU
		{D354927B-9FA7-4ECA-9396-0518A3CD5892}.Release|Any CPU.Build.0 = Release|Any CPU
		{D91D2487-EDC2-18B3-3EED-B98A9B8D4C1E}.Debug|Any CPU.ActiveCfg = Debug|Any CPU
		{D91D2487-EDC2-18B3-3EED-B98A9B8D4C1E}.Debug|Any CPU.Build.0 = Debug|Any CPU
		{D91D2487-EDC2-18B3-3EED-B98A9B8D4C1E}.Release|Any CPU.ActiveCfg = Release|Any CPU
		{D91D2487-EDC2-18B3-3EED-B98A9B8D4C1E}.Release|Any CPU.Build.0 = Release|Any CPU
		{34A787D3-C6A6-96B8-0EBC-5AACA0370E94}.Debug|Any CPU.ActiveCfg = Debug|Any CPU
		{34A787D3-C6A6-96B8-0EBC-5AACA0370E94}.Debug|Any CPU.Build.0 = Debug|Any CPU
		{34A787D3-C6A6-96B8-0EBC-5AACA0370E94}.Release|Any CPU.ActiveCfg = Release|Any CPU
		{34A787D3-C6A6-96B8-0EBC-5AACA0370E94}.Release|Any CPU.Build.0 = Release|Any CPU
		{E3774B50-CB1A-0904-9E73-3A8994A34AEC}.Debug|Any CPU.ActiveCfg = Debug|Any CPU
		{E3774B50-CB1A-0904-9E73-3A8994A34AEC}.Debug|Any CPU.Build.0 = Debug|Any CPU
		{E3774B50-CB1A-0904-9E73-3A8994A34AEC}.Release|Any CPU.ActiveCfg = Release|Any CPU
		{E3774B50-CB1A-0904-9E73-3A8994A34AEC}.Release|Any CPU.Build.0 = Release|Any CPU
		{09A2634B-9AD5-401B-969E-86F11815412C}.Debug|Any CPU.ActiveCfg = Debug|Any CPU
		{09A2634B-9AD5-401B-969E-86F11815412C}.Debug|Any CPU.Build.0 = Debug|Any CPU
		{09A2634B-9AD5-401B-969E-86F11815412C}.Release|Any CPU.ActiveCfg = Release|Any CPU
		{09A2634B-9AD5-401B-969E-86F11815412C}.Release|Any CPU.Build.0 = Release|Any CPU
		{02583722-5F8B-49A8-B87A-9B3A5CBFFEA5}.Debug|Any CPU.ActiveCfg = Debug|Any CPU
		{02583722-5F8B-49A8-B87A-9B3A5CBFFEA5}.Debug|Any CPU.Build.0 = Debug|Any CPU
		{02583722-5F8B-49A8-B87A-9B3A5CBFFEA5}.Release|Any CPU.ActiveCfg = Release|Any CPU
		{02583722-5F8B-49A8-B87A-9B3A5CBFFEA5}.Release|Any CPU.Build.0 = Release|Any CPU
		{61BDF88C-EB24-40C5-933C-4D54EE40767C}.Debug|Any CPU.ActiveCfg = Debug|Any CPU
		{61BDF88C-EB24-40C5-933C-4D54EE40767C}.Debug|Any CPU.Build.0 = Debug|Any CPU
		{61BDF88C-EB24-40C5-933C-4D54EE40767C}.Release|Any CPU.ActiveCfg = Release|Any CPU
		{61BDF88C-EB24-40C5-933C-4D54EE40767C}.Release|Any CPU.Build.0 = Release|Any CPU
	EndGlobalSection
	GlobalSection(SolutionProperties) = preSolution
		HideSolutionNode = FALSE
	EndGlobalSection
	GlobalSection(NestedProjects) = preSolution
		{B3F5B599-EEE0-4233-962A-C0CC171A9623} = {02EA681E-C7D8-13C7-8484-4AC65E1B71E8}
		{9187971E-6E5C-45AD-B67F-EEB59BEEE030} = {4868D71E-ED5E-4683-A09D-BC721F757E47}
		{02EA681E-C7D8-13C7-8484-4AC65E1B71E8} = {66233A9C-1F76-457E-AE39-66D2E36D359E}
		{4868D71E-ED5E-4683-A09D-BC721F757E47} = {66233A9C-1F76-457E-AE39-66D2E36D359E}
		{82A3746C-3418-44E2-937C-EE61FF6AF87D} = {4868D71E-ED5E-4683-A09D-BC721F757E47}
		{8889C832-13FB-4F23-A041-1E83D24C650F} = {02EA681E-C7D8-13C7-8484-4AC65E1B71E8}
		{D354927B-9FA7-4ECA-9396-0518A3CD5892} = {0C7CC536-90D0-4BEC-8AE6-FF8DC14A4442}
		{D91D2487-EDC2-18B3-3EED-B98A9B8D4C1E} = {82A3746C-3418-44E2-937C-EE61FF6AF87D}
		{34A787D3-C6A6-96B8-0EBC-5AACA0370E94} = {8889C832-13FB-4F23-A041-1E83D24C650F}
		{E3774B50-CB1A-0904-9E73-3A8994A34AEC} = {8889C832-13FB-4F23-A041-1E83D24C650F}
		{1042BADB-203C-4E62-B0FD-66D35698DB69} = {02EA681E-C7D8-13C7-8484-4AC65E1B71E8}
		{09A2634B-9AD5-401B-969E-86F11815412C} = {1042BADB-203C-4E62-B0FD-66D35698DB69}
		{8EEEC9F8-9AD9-4EA2-9581-AD733BEE5678} = {4868D71E-ED5E-4683-A09D-BC721F757E47}
		{02583722-5F8B-49A8-B87A-9B3A5CBFFEA5} = {1042BADB-203C-4E62-B0FD-66D35698DB69}
		{61BDF88C-EB24-40C5-933C-4D54EE40767C} = {8EEEC9F8-9AD9-4EA2-9581-AD733BEE5678}
	EndGlobalSection
	GlobalSection(ExtensibilityGlobals) = postSolution
		SolutionGuid = {D64014D8-16DB-4616-82EB-5EDE28E2F28F}
	EndGlobalSection
EndGlobal
